
Microsoft Visual Studio Solution File, Format Version 12.00
# Visual Studio 15
VisualStudioVersion = 15.0.34320.172
MinimumVisualStudioVersion = 10.0.40219.1
Project("{151D2E53-A2C4-4D7D-83FE-D05416EBD58E}") = "LADemoVS2017", "LADemoVS2017\LADemoVS2017.deployproj", "{FEE9766B-E637-4F6A-B3A4-AF03C360AA87}"
EndProject
Global
	GlobalSection(SolutionConfigurationPlatforms) = preSolution
		Debug|Any CPU = Debug|Any CPU
		Release|Any CPU = Release|Any CPU
	EndGlobalSection
	GlobalSection(ProjectConfigurationPlatforms) = postSolution
		{FEE9766B-E637-4F6A-B3A4-AF03C360AA87}.Debug|Any CPU.ActiveCfg = Debug|Any CPU
		{FEE9766B-E637-4F6A-B3A4-AF03C360AA87}.Debug|Any CPU.Build.0 = Debug|Any CPU
		{FEE9766B-E637-4F6A-B3A4-AF03C360AA87}.Release|Any CPU.ActiveCfg = Release|Any CPU
		{FEE9766B-E637-4F6A-B3A4-AF03C360AA87}.Release|Any CPU.Build.0 = Release|Any CPU
	EndGlobalSection
	GlobalSection(SolutionProperties) = preSolution
		HideSolutionNode = FALSE
	EndGlobalSection
	GlobalSection(ExtensibilityGlobals) = postSolution
		SolutionGuid = {EF7DA135-0B50-4539-A69E-CD3F01A2469A}
	EndGlobalSection
EndGlobal
